
Microsoft Visual Studio Solution File, Format Version 12.00
# Visual Studio Version 16
VisualStudioVersion = 16.0.29306.81
MinimumVisualStudioVersion = 10.0.40219.1
Project("{FAE04EC0-301F-11D3-BF4B-00C04F79EFBC}") = "aerHealth", "aerHealth\aerHealth.csproj", "{4696E6CE-A75B-4C5B-9796-4D74775D16D6}"
EndProject
Global
	GlobalSection(SolutionConfigurationPlatforms) = preSolution
		Debug|Any CPU = Debug|Any CPU
		Release|Any CPU = Release|Any CPU
	EndGlobalSection
	GlobalSection(ProjectConfigurationPlatforms) = postSolution
		{4696E6CE-A75B-4C5B-9796-4D74775D16D6}.Debug|Any CPU.ActiveCfg = Debug|Any CPU
		{4696E6CE-A75B-4C5B-9796-4D74775D16D6}.Debug|Any CPU.Build.0 = Debug|Any CPU
		{4696E6CE-A75B-4C5B-9796-4D74775D16D6}.Release|Any CPU.ActiveCfg = Release|Any CPU
		{4696E6CE-A75B-4C5B-9796-4D74775D16D6}.Release|Any CPU.Build.0 = Release|Any CPU
	EndGlobalSection
	GlobalSection(SolutionProperties) = preSolution
		HideSolutionNode = FALSE
	EndGlobalSection
	GlobalSection(ExtensibilityGlobals) = postSolution
		SolutionGuid = {D40EBC2E-BD70-4E37-8CDB-E296F08FAC2E}
	EndGlobalSection
EndGlobal
